
Microsoft Visual Studio Solution File, Format Version 12.00
# Visual Studio Version 17
VisualStudioVersion = 17.10.35013.160
MinimumVisualStudioVersion = 10.0.40219.1
Project("{9A19103F-16F7-4668-BE54-9A1E7A4F7556}") = "UnionSurvey", "UnionSurvey\UnionSurvey.csproj", "{085B29B1-5ACD-448C-9862-606162DE4BE8}"
EndProject
Project("{9A19103F-16F7-4668-BE54-9A1E7A4F7556}") = "UnionSurvey.Business", "UnionSurvey.Business\UnionSurvey.Business.csproj", "{E5E5AE0D-7BFD-4ECF-9A33-AE703C1C224D}"
EndProject
Project("{9A19103F-16F7-4668-BE54-9A1E7A4F7556}") = "UnionSurvey.Data", "UnionSurvey.Data\UnionSurvey.Data.csproj", "{32AB62BA-99D5-4699-A82D-EB75C90612F6}"
EndProject
Project("{9A19103F-16F7-4668-BE54-9A1E7A4F7556}") = "UnionSurvey.Model", "UnionSurvey.Model\UnionSurvey.Model.csproj", "{5855EBFC-B26A-406A-A8C9-52950154469C}"
EndProject
Project("{9A19103F-16F7-4668-BE54-9A1E7A4F7556}") = "UnionSurvey.Common", "UnionSurvey.Common\UnionSurvey.Common.csproj", "{4D5DD0E4-0A46-4C0D-B80E-98B5BC50AE0A}"
EndProject
Global
	GlobalSection(SolutionConfigurationPlatforms) = preSolution
		Debug|Any CPU = Debug|Any CPU
		Release|Any CPU = Release|Any CPU
	EndGlobalSection
	GlobalSection(ProjectConfigurationPlatforms) = postSolution
		{085B29B1-5ACD-448C-9862-606162DE4BE8}.Debug|Any CPU.ActiveCfg = Debug|Any CPU
		{085B29B1-5ACD-448C-9862-606162DE4BE8}.Debug|Any CPU.Build.0 = Debug|Any CPU
		{085B29B1-5ACD-448C-9862-606162DE4BE8}.Release|Any CPU.ActiveCfg = Release|Any CPU
		{085B29B1-5ACD-448C-9862-606162DE4BE8}.Release|Any CPU.Build.0 = Release|Any CPU
		{E5E5AE0D-7BFD-4ECF-9A33-AE703C1C224D}.Debug|Any CPU.ActiveCfg = Debug|Any CPU
		{E5E5AE0D-7BFD-4ECF-9A33-AE703C1C224D}.Debug|Any CPU.Build.0 = Debug|Any CPU
		{E5E5AE0D-7BFD-4ECF-9A33-AE703C1C224D}.Release|Any CPU.ActiveCfg = Release|Any CPU
		{E5E5AE0D-7BFD-4ECF-9A33-AE703C1C224D}.Release|Any CPU.Build.0 = Release|Any CPU
		{32AB62BA-99D5-4699-A82D-EB75C90612F6}.Debug|Any CPU.ActiveCfg = Debug|Any CPU
		{32AB62BA-99D5-4699-A82D-EB75C90612F6}.Debug|Any CPU.Build.0 = Debug|Any CPU
		{32AB62BA-99D5-4699-A82D-EB75C90612F6}.Release|Any CPU.ActiveCfg = Release|Any CPU
		{32AB62BA-99D5-4699-A82D-EB75C90612F6}.Release|Any CPU.Build.0 = Release|Any CPU
		{5855EBFC-B26A-406A-A8C9-52950154469C}.Debug|Any CPU.ActiveCfg = Debug|Any CPU
		{5855EBFC-B26A-406A-A8C9-52950154469C}.Debug|Any CPU.Build.0 = Debug|Any CPU
		{5855EBFC-B26A-406A-A8C9-52950154469C}.Release|Any CPU.ActiveCfg = Release|Any CPU
		{5855EBFC-B26A-406A-A8C9-52950154469C}.Release|Any CPU.Build.0 = Release|Any CPU
		{4D5DD0E4-0A46-4C0D-B80E-98B5BC50AE0A}.Debug|Any CPU.ActiveCfg = Debug|Any CPU
		{4D5DD0E4-0A46-4C0D-B80E-98B5BC50AE0A}.Debug|Any CPU.Build.0 = Debug|Any CPU
		{4D5DD0E4-0A46-4C0D-B80E-98B5BC50AE0A}.Release|Any CPU.ActiveCfg = Release|Any CPU
		{4D5DD0E4-0A46-4C0D-B80E-98B5BC50AE0A}.Release|Any CPU.Build.0 = Release|Any CPU
	EndGlobalSection
	GlobalSection(SolutionProperties) = preSolution
		HideSolutionNode = FALSE
	EndGlobalSection
	GlobalSection(ExtensibilityGlobals) = postSolution
		SolutionGuid = {D158E0E0-7FB9-4534-A4F9-94051179C2FD}
	EndGlobalSection
EndGlobal
